
Microsoft Visual Studio Solution File, Format Version 12.00
# Visual Studio 15
VisualStudioVersion = 15.0.28307.779
MinimumVisualStudioVersion = 10.0.40219.1
Project("{FAE04EC0-301F-11D3-BF4B-00C04F79EFBC}") = "Vidly", "Vidly\Vidly.csproj", "{FD1B7EDD-2560-428D-8C91-2D2852EFA135}"
EndProject
Global
	GlobalSection(SolutionConfigurationPlatforms) = preSolution
		Debug|Any CPU = Debug|Any CPU
		Release|Any CPU = Release|Any CPU
	EndGlobalSection
	GlobalSection(ProjectConfigurationPlatforms) = postSolution
		{FD1B7EDD-2560-428D-8C91-2D2852EFA135}.Debug|Any CPU.ActiveCfg = Debug|Any CPU
		{FD1B7EDD-2560-428D-8C91-2D2852EFA135}.Debug|Any CPU.Build.0 = Debug|Any CPU
		{FD1B7EDD-2560-428D-8C91-2D2852EFA135}.Release|Any CPU.ActiveCfg = Release|Any CPU
		{FD1B7EDD-2560-428D-8C91-2D2852EFA135}.Release|Any CPU.Build.0 = Release|Any CPU
	EndGlobalSection
	GlobalSection(SolutionProperties) = preSolution
		HideSolutionNode = FALSE
	EndGlobalSection
	GlobalSection(ExtensibilityGlobals) = postSolution
		SolutionGuid = {AF14E645-7618-48FC-8FE4-44EF74A9A1AE}
	EndGlobalSection
EndGlobal
